# This file was autogenerated by Stack.
# You should not edit this file by hand.
# For more information, please see the documentation at:
#   https://docs.haskellstack.org/en/stable/lock_files

packages:
- completed:
    hackage: ease-0.1.0.2@sha256:03f620cd1f2347823d46168419c39a570ed555b67edd48294d07ebe723c02388,899
    pantry-tree:
      size: 246
      sha256: 80f99916b296960ec0f479533b2b286c01afd422ef4d0e1a9a06c314769002b4
  original:
    hackage: ease-0.1.0.2
- completed:
    hackage: proteaaudio-0.9.0@sha256:d22826d3158c71f13c2636417caf5118b44d49693e8827399d59d5dff96f49f9,2685
    pantry-tree:
      size: 1874
      sha256: f22bbe1aa565570643ee22d4e115116e6b5e2e9611e4cc5fd5a96f95253c3608
  original:
    hackage: proteaaudio-0.9.0
snapshots:
- completed:
    size: 533053
    url: https://raw.githubusercontent.com/commercialhaskell/stackage-snapshots/master/lts/16/29.yaml
    sha256: eb8ccc595466edefb9a679f19aec2e283d12f4c6ea5eefded1ebe8bd157d77d1
  original:
    url: https://raw.githubusercontent.com/commercialhaskell/stackage-snapshots/master/lts/16/29.yaml
